
Microsoft Visual Studio Solution File, Format Version 12.00
# Visual Studio Version 16
VisualStudioVersion = 16.0.31702.278
MinimumVisualStudioVersion = 10.0.40219.1
Project("{FAE04EC0-301F-11D3-BF4B-00C04F79EFBC}") = "ClassTask3", "ClassTask3\ClassTask3.csproj", "{13C0C057-E7DF-47B2-8DD8-872BFE0C8B57}"
EndProject
Global
	GlobalSection(SolutionConfigurationPlatforms) = preSolution
		Debug|Any CPU = Debug|Any CPU
		Release|Any CPU = Release|Any CPU
	EndGlobalSection
	GlobalSection(ProjectConfigurationPlatforms) = postSolution
		{13C0C057-E7DF-47B2-8DD8-872BFE0C8B57}.Debug|Any CPU.ActiveCfg = Debug|Any CPU
		{13C0C057-E7DF-47B2-8DD8-872BFE0C8B57}.Debug|Any CPU.Build.0 = Debug|Any CPU
		{13C0C057-E7DF-47B2-8DD8-872BFE0C8B57}.Release|Any CPU.ActiveCfg = Release|Any CPU
		{13C0C057-E7DF-47B2-8DD8-872BFE0C8B57}.Release|Any CPU.Build.0 = Release|Any CPU
	EndGlobalSection
	GlobalSection(SolutionProperties) = preSolution
		HideSolutionNode = FALSE
	EndGlobalSection
	GlobalSection(ExtensibilityGlobals) = postSolution
		SolutionGuid = {E675D0E0-B33E-46DD-AC10-323213B1F59B}
	EndGlobalSection
EndGlobal
